
Microsoft Visual Studio Solution File, Format Version 12.00
# Visual Studio Version 16
VisualStudioVersion = 16.0.31205.134
MinimumVisualStudioVersion = 10.0.40219.1
Project("{FAE04EC0-301F-11D3-BF4B-00C04F79EFBC}") = "Vidly", "Vidly\Vidly.csproj", "{2B5CB6AE-5F98-41E0-A685-00B900E38FF9}"
EndProject
Global
	GlobalSection(SolutionConfigurationPlatforms) = preSolution
		Debug|Any CPU = Debug|Any CPU
		Release|Any CPU = Release|Any CPU
	EndGlobalSection
	GlobalSection(ProjectConfigurationPlatforms) = postSolution
		{2B5CB6AE-5F98-41E0-A685-00B900E38FF9}.Debug|Any CPU.ActiveCfg = Debug|Any CPU
		{2B5CB6AE-5F98-41E0-A685-00B900E38FF9}.Debug|Any CPU.Build.0 = Debug|Any CPU
		{2B5CB6AE-5F98-41E0-A685-00B900E38FF9}.Release|Any CPU.ActiveCfg = Release|Any CPU
		{2B5CB6AE-5F98-41E0-A685-00B900E38FF9}.Release|Any CPU.Build.0 = Release|Any CPU
	EndGlobalSection
	GlobalSection(SolutionProperties) = preSolution
		HideSolutionNode = FALSE
	EndGlobalSection
	GlobalSection(ExtensibilityGlobals) = postSolution
		SolutionGuid = {159B43EC-3C3F-4B6B-B614-60C3C8987C8E}
	EndGlobalSection
EndGlobal
